PODS:
  - AppAuth (1.4.0):
    - AppAuth/Core (= 1.4.0)
    - AppAuth/ExternalUserAgent (= 1.4.0)
  - AppAuth/Core (1.4.0)
  - AppAuth/ExternalUserAgent (1.4.0)
  - Braintree/ApplePay (5.3.2):
    - Braintree/Core
  - Braintree/Card (5.3.2):
    - Braintree/Core
  - Braintree/Core (5.3.2)
  - Braintree/PaymentFlow (5.3.2):
    - Braintree/Core
    - Braintree/PayPalDataCollector
  - Braintree/PayPal (5.3.2):
    - Braintree/Core
    - Braintree/PayPalDataCollector
  - Braintree/PayPalDataCollector (5.3.2)
  - Braintree/ThreeDSecure (5.3.2):
    - Braintree/Card
    - Braintree/PaymentFlow
  - Braintree/UnionPay (5.3.2):
    - Braintree/Card
  - Braintree/Venmo (5.3.2):
    - Braintree/Core
  - BraintreeDropIn (9.0.2):
    - Braintree/ApplePay (>= 5.3.2, ~> 5.3)
    - Braintree/Card (>= 5.3.2, ~> 5.3)
    - Braintree/Core (>= 5.3.2, ~> 5.3)
    - Braintree/PayPal (>= 5.3.2, ~> 5.3)
    - Braintree/ThreeDSecure (>= 5.3.2, ~> 5.3)
    - Braintree/UnionPay (>= 5.3.2, ~> 5.3)
    - Braintree/Venmo (>= 5.3.2, ~> 5.3)
  - connectivity_plus (0.0.1):
    - Flutter
    - Reachability
  - device_info (0.0.1):
    - Flutter
  - DKImagePickerController/Core (4.3.2):
    - DKImagePickerController/ImageDataManager
    - DKImagePickerController/Resource
  - DKImagePickerController/ImageDataManager (4.3.2)
  - DKImagePickerController/PhotoGallery (4.3.2):
    - DKImagePickerController/Core
    - DKPhotoGallery
  - DKImagePickerController/Resource (4.3.2)
  - DKPhotoGallery (0.0.17):
    - DKPhotoGallery/Core (= 0.0.17)
    - DKPhotoGallery/Model (= 0.0.17)
    - DKPhotoGallery/Preview (= 0.0.17)
    - DKPhotoGallery/Resource (= 0.0.17)
    - SDWebImage
    - SwiftyGif
  - DKPhotoGallery/Core (0.0.17):
    - DKPhotoGallery/Model
    - DKPhotoGallery/Preview
    - SDWebImage
    - SwiftyGif
  - DKPhotoGallery/Model (0.0.17):
    - SDWebImage
    - SwiftyGif
  - DKPhotoGallery/Preview (0.0.17):
    - DKPhotoGallery/Model
    - DKPhotoGallery/Resource
    - SDWebImage
    - SwiftyGif
  - DKPhotoGallery/Resource (0.0.17):
    - SDWebImage
    - SwiftyGif
  - FBAEMKit (11.2.1):
    - FBAEMKit/AEM (= 11.2.1)
  - FBAEMKit/AEM (11.2.1):
    - FBSDKCoreKit_Basics (~> 11.2.1)
  - FBSDKCoreKit (11.2.1):
    - FBSDKCoreKit/Core (= 11.2.1)
  - FBSDKCoreKit/Core (11.2.1):
    - FBAEMKit (~> 11.2.1)
    - FBSDKCoreKit_Basics (~> 11.2.1)
  - FBSDKCoreKit_Basics (11.2.1):
    - FBSDKCoreKit_Basics/Basics (= 11.2.1)
  - FBSDKCoreKit_Basics/Basics (11.2.1)
  - FBSDKLoginKit (11.2.1):
    - FBSDKLoginKit/Login (= 11.2.1)
  - FBSDKLoginKit/Login (11.2.1):
    - FBSDKCoreKit (~> 11.2.1)
    - FBSDKCoreKit_Basics (~> 11.2.1)
  - file_picker (0.0.1):
    - DKImagePickerController/PhotoGallery
    - Flutter
  - Firebase/Analytics (8.9.0):
    - Firebase/Core
  - Firebase/Core (8.9.0):
    - Firebase/CoreOnly
    - FirebaseAnalytics (~> 8.9.0)
  - Firebase/CoreOnly (8.9.0):
    - FirebaseCore (= 8.9.0)
  - Firebase/DynamicLinks (8.9.0):
    - Firebase/CoreOnly
    - FirebaseDynamicLinks (~> 8.9.0)
  - Firebase/Messaging (8.9.0):
    - Firebase/CoreOnly
    - FirebaseMessaging (~> 8.9.0)
  - Firebase/RemoteConfig (8.9.0):
    - Firebase/CoreOnly
    - FirebaseRemoteConfig (~> 8.9.0)
  - firebase_analytics (8.3.0):
    - Firebase/Analytics (= 8.9.0)
    - firebase_core
    - Flutter
  - firebase_core (1.10.0):
    - Firebase/CoreOnly (= 8.9.0)
    - Flutter
  - firebase_dynamic_links (2.0.8):
    - Firebase/DynamicLinks (= 8.9.0)
    - firebase_core
    - Flutter
  - firebase_messaging (10.0.5):
    - Firebase/Messaging (= 8.9.0)
    - firebase_core
    - Flutter
  - firebase_remote_config (0.10.0-4):
    - Firebase/RemoteConfig (= 8.9.0)
    - firebase_core
    - Flutter
  - FirebaseABTesting (8.9.0):
    - FirebaseCore (~> 8.0)
  - FirebaseAnalytics (8.9.1):
    - FirebaseAnalytics/AdIdSupport (= 8.9.1)
    - FirebaseCore (~> 8.0)
    - FirebaseInstallations (~> 8.0)
    - GoogleUtilities/AppDelegateSwizzler (~> 7.6)
    - GoogleUtilities/MethodSwizzler (~> 7.6)
    - GoogleUtilities/Network (~> 7.6)
    - "GoogleUtilities/NSData+zlib (~> 7.6)"
    - nanopb (~> 2.30908.0)
  - FirebaseAnalytics/AdIdSupport (8.9.1):
    - FirebaseCore (~> 8.0)
    - FirebaseInstallations (~> 8.0)
    - GoogleAppMeasurement (= 8.9.1)
    - GoogleUtilities/AppDelegateSwizzler (~> 7.6)
    - GoogleUtilities/MethodSwizzler (~> 7.6)
    - GoogleUtilities/Network (~> 7.6)
    - "GoogleUtilities/NSData+zlib (~> 7.6)"
    - nanopb (~> 2.30908.0)
  - FirebaseCore (8.9.0):
    - FirebaseCoreDiagnostics (~> 8.0)
    - GoogleUtilities/Environment (~> 7.6)
    - GoogleUtilities/Logger (~> 7.6)
  - FirebaseCoreDiagnostics (8.9.0):
    - GoogleDataTransport (~> 9.1)
    - GoogleUtilities/Environment (~> 7.6)
    - GoogleUtilities/Logger (~> 7.6)
    - nanopb (~> 2.30908.0)
  - FirebaseDynamicLinks (8.9.0):
    - FirebaseCore (~> 8.0)
  - FirebaseInstallations (8.9.0):
    - FirebaseCore (~> 8.0)
    - GoogleUtilities/Environment (~> 7.6)
    - GoogleUtilities/UserDefaults (~> 7.6)
    - PromisesObjC (< 3.0, >= 1.2)
  - FirebaseMessaging (8.9.0):
    - FirebaseCore (~> 8.0)
    - FirebaseInstallations (~> 8.0)
    - GoogleDataTransport (~> 9.1)
    - GoogleUtilities/AppDelegateSwizzler (~> 7.6)
    - GoogleUtilities/Environment (~> 7.6)
    - GoogleUtilities/Reachability (~> 7.6)
    - GoogleUtilities/UserDefaults (~> 7.6)
    - nanopb (~> 2.30908.0)
  - FirebaseRemoteConfig (8.9.0):
    - FirebaseABTesting (~> 8.0)
    - FirebaseCore (~> 8.0)
    - FirebaseInstallations (~> 8.0)
    - GoogleUtilities/Environment (~> 7.6)
    - "GoogleUtilities/NSData+zlib (~> 7.6)"
  - Flutter (1.0.0)
  - flutter_braintree (1.0.0):
    - Braintree/ApplePay (~> 5.3.2)
    - Braintree/PayPal (~> 5.3.2)
    - BraintreeDropIn (= 9.0.2)
    - Flutter
  - flutter_inappwebview (0.0.1):
    - Flutter
    - flutter_inappwebview/Core (= 0.0.1)
    - OrderedSet (~> 5.0)
  - flutter_inappwebview/Core (0.0.1):
    - Flutter
    - OrderedSet (~> 5.0)
  - flutter_local_notifications (0.0.1):
    - Flutter
  - flutter_login_facebook (1.1.0):
    - FBSDKLoginKit (~> 11.1)
    - Flutter
  - fluttertoast (0.0.2):
    - Flutter
    - Toast
  - geolocator (6.2.0):
    - Flutter
  - google_sign_in (0.0.1):
    - Flutter
    - GoogleSignIn (~> 5.0)
  - GoogleAppMeasurement (8.9.1):
    - GoogleAppMeasurement/AdIdSupport (= 8.9.1)
    - GoogleUtilities/AppDelegateSwizzler (~> 7.6)
    - GoogleUtilities/MethodSwizzler (~> 7.6)
    - GoogleUtilities/Network (~> 7.6)
    - "GoogleUtilities/NSData+zlib (~> 7.6)"
    - nanopb (~> 2.30908.0)
  - GoogleAppMeasurement/AdIdSupport (8.9.1):
    - GoogleAppMeasurement/WithoutAdIdSupport (= 8.9.1)
    - GoogleUtilities/AppDelegateSwizzler (~> 7.6)
    - GoogleUtilities/MethodSwizzler (~> 7.6)
    - GoogleUtilities/Network (~> 7.6)
    - "GoogleUtilities/NSData+zlib (~> 7.6)"
    - nanopb (~> 2.30908.0)
  - GoogleAppMeasurement/WithoutAdIdSupport (8.9.1):
    - GoogleUtilities/AppDelegateSwizzler (~> 7.6)
    - GoogleUtilities/MethodSwizzler (~> 7.6)
    - GoogleUtilities/Network (~> 7.6)
    - "GoogleUtilities/NSData+zlib (~> 7.6)"
    - nanopb (~> 2.30908.0)
  - GoogleDataTransport (9.1.2):
    - GoogleUtilities/Environment (~> 7.2)
    - nanopb (~> 2.30908.0)
    - PromisesObjC (< 3.0, >= 1.2)
  - GoogleSignIn (5.0.2):
    - AppAuth (~> 1.2)
    - GTMAppAuth (~> 1.0)
    - GTMSessionFetcher/Core (~> 1.1)
  - GoogleUtilities/AppDelegateSwizzler (7.6.0):
    - GoogleUtilities/Environment
    - GoogleUtilities/Logger
    - GoogleUtilities/Network
  - GoogleUtilities/Environment (7.6.0):
    - PromisesObjC (< 3.0, >= 1.2)
  - GoogleUtilities/Logger (7.6.0):
    - GoogleUtilities/Environment
  - GoogleUtilities/MethodSwizzler (7.6.0):
    - GoogleUtilities/Logger
  - GoogleUtilities/Network (7.6.0):
    - GoogleUtilities/Logger
    - "GoogleUtilities/NSData+zlib"
    - GoogleUtilities/Reachability
  - "GoogleUtilities/NSData+zlib (7.6.0)"
  - GoogleUtilities/Reachability (7.6.0):
    - GoogleUtilities/Logger
  - GoogleUtilities/UserDefaults (7.6.0):
    - GoogleUtilities/Logger
  - GTMAppAuth (1.2.2):
    - AppAuth/Core (~> 1.4)
    - GTMSessionFetcher/Core (~> 1.5)
  - GTMSessionFetcher/Core (1.7.0)
  - image_picker (0.0.1):
    - Flutter
  - nanopb (2.30908.0):
    - nanopb/decode (= 2.30908.0)
    - nanopb/encode (= 2.30908.0)
  - nanopb/decode (2.30908.0)
  - nanopb/encode (2.30908.0)
  - NEDyldYuv (0.0.1)
  - nertc (0.0.1):
    - Flutter
    - NEDyldYuv (= 0.0.1)
    - NERtcSDK (= 4.4.2)
  - NERtcSDK (4.4.2)
  - OrderedSet (5.0.0)
  - package_info (0.0.1):
    - Flutter
  - path_provider (0.0.1):
    - Flutter
  - "permission_handler (5.1.0+2)":
    - Flutter
  - PromisesObjC (2.0.0)
  - Reachability (3.2)
  - SDWebImage (5.12.1):
    - SDWebImage/Core (= 5.12.1)
  - SDWebImage/Core (5.12.1)
  - share (0.0.1):
    - Flutter
  - shared_preferences (0.0.1):
    - Flutter
  - sign_in_with_apple (0.0.1):
    - Flutter
  - sms_autofill (0.0.1):
    - Flutter
  - Stripe (21.8.1):
    - Stripe/Stripe3DS2 (= 21.8.1)
    - StripeCore (= 21.8.1)
  - Stripe/Stripe3DS2 (21.8.1):
    - StripeCore (= 21.8.1)
  - stripe_ios (0.0.1):
    - Flutter
    - Stripe (~> 21.8.1)
  - StripeCore (21.8.1)
  - SwiftyGif (5.4.0)
  - Toast (4.0.0)
  - url_launcher (0.0.1):
    - Flutter
  - video_player (0.0.1):
    - Flutter
  - wakelock (0.0.1):
    - Flutter
  - webview_flutter (0.0.1):
    - Flutter

DEPENDENCIES:
  - connectivity_plus (from `.symlinks/plugins/connectivity_plus/ios`)
  - device_info (from `.symlinks/plugins/device_info/ios`)
  - file_picker (from `.symlinks/plugins/file_picker/ios`)
  - firebase_analytics (from `.symlinks/plugins/firebase_analytics/ios`)
  - firebase_core (from `.symlinks/plugins/firebase_core/ios`)
  - firebase_dynamic_links (from `.symlinks/plugins/firebase_dynamic_links/ios`)
  - firebase_messaging (from `.symlinks/plugins/firebase_messaging/ios`)
  - firebase_remote_config (from `.symlinks/plugins/firebase_remote_config/ios`)
  - Flutter (from `Flutter`)
  - flutter_braintree (from `.symlinks/plugins/flutter_braintree/ios`)
  - flutter_inappwebview (from `.symlinks/plugins/flutter_inappwebview/ios`)
  - flutter_local_notifications (from `.symlinks/plugins/flutter_local_notifications/ios`)
  - flutter_login_facebook (from `.symlinks/plugins/flutter_login_facebook/ios`)
  - fluttertoast (from `.symlinks/plugins/fluttertoast/ios`)
  - geolocator (from `.symlinks/plugins/geolocator/ios`)
  - google_sign_in (from `.symlinks/plugins/google_sign_in/ios`)
  - image_picker (from `.symlinks/plugins/image_picker/ios`)
  - nertc (from `.symlinks/plugins/nertc/ios`)
  - package_info (from `.symlinks/plugins/package_info/ios`)
  - path_provider (from `.symlinks/plugins/path_provider/ios`)
  - permission_handler (from `.symlinks/plugins/permission_handler/ios`)
  - share (from `.symlinks/plugins/share/ios`)
  - shared_preferences (from `.symlinks/plugins/shared_preferences/ios`)
  - sign_in_with_apple (from `.symlinks/plugins/sign_in_with_apple/ios`)
  - sms_autofill (from `.symlinks/plugins/sms_autofill/ios`)
  - stripe_ios (from `.symlinks/plugins/stripe_ios/ios`)
  - url_launcher (from `.symlinks/plugins/url_launcher/ios`)
  - video_player (from `.symlinks/plugins/video_player/ios`)
  - wakelock (from `.symlinks/plugins/wakelock/ios`)
  - webview_flutter (from `.symlinks/plugins/webview_flutter/ios`)

SPEC REPOS:
  trunk:
    - AppAuth
    - Braintree
    - BraintreeDropIn
    - DKImagePickerController
    - DKPhotoGallery
    - FBAEMKit
    - FBSDKCoreKit
    - FBSDKCoreKit_Basics
    - FBSDKLoginKit
    - Firebase
    - FirebaseABTesting
    - FirebaseAnalytics
    - FirebaseCore
    - FirebaseCoreDiagnostics
    - FirebaseDynamicLinks
    - FirebaseInstallations
    - FirebaseMessaging
    - FirebaseRemoteConfig
    - GoogleAppMeasurement
    - GoogleDataTransport
    - GoogleSignIn
    - GoogleUtilities
    - GTMAppAuth
    - GTMSessionFetcher
    - nanopb
    - NEDyldYuv
    - NERtcSDK
    - OrderedSet
    - PromisesObjC
    - Reachability
    - SDWebImage
    - Stripe
    - StripeCore
    - SwiftyGif
    - Toast

EXTERNAL SOURCES:
  connectivity_plus:
    :path: ".symlinks/plugins/connectivity_plus/ios"
  device_info:
    :path: ".symlinks/plugins/device_info/ios"
  file_picker:
    :path: ".symlinks/plugins/file_picker/ios"
  firebase_analytics:
    :path: ".symlinks/plugins/firebase_analytics/ios"
  firebase_core:
    :path: ".symlinks/plugins/firebase_core/ios"
  firebase_dynamic_links:
    :path: ".symlinks/plugins/firebase_dynamic_links/ios"
  firebase_messaging:
    :path: ".symlinks/plugins/firebase_messaging/ios"
  firebase_remote_config:
    :path: ".symlinks/plugins/firebase_remote_config/ios"
  Flutter:
    :path: Flutter
  flutter_braintree:
    :path: ".symlinks/plugins/flutter_braintree/ios"
  flutter_inappwebview:
    :path: ".symlinks/plugins/flutter_inappwebview/ios"
  flutter_local_notifications:
    :path: ".symlinks/plugins/flutter_local_notifications/ios"
  flutter_login_facebook:
    :path: ".symlinks/plugins/flutter_login_facebook/ios"
  fluttertoast:
    :path: ".symlinks/plugins/fluttertoast/ios"
  geolocator:
    :path: ".symlinks/plugins/geolocator/ios"
  google_sign_in:
    :path: ".symlinks/plugins/google_sign_in/ios"
  image_picker:
    :path: ".symlinks/plugins/image_picker/ios"
  nertc:
    :path: ".symlinks/plugins/nertc/ios"
  package_info:
    :path: ".symlinks/plugins/package_info/ios"
  path_provider:
    :path: ".symlinks/plugins/path_provider/ios"
  permission_handler:
    :path: ".symlinks/plugins/permission_handler/ios"
  share:
    :path: ".symlinks/plugins/share/ios"
  shared_preferences:
    :path: ".symlinks/plugins/shared_preferences/ios"
  sign_in_with_apple:
    :path: ".symlinks/plugins/sign_in_with_apple/ios"
  sms_autofill:
    :path: ".symlinks/plugins/sms_autofill/ios"
  stripe_ios:
    :path: ".symlinks/plugins/stripe_ios/ios"
  url_launcher:
    :path: ".symlinks/plugins/url_launcher/ios"
  video_player:
    :path: ".symlinks/plugins/video_player/ios"
  wakelock:
    :path: ".symlinks/plugins/wakelock/ios"
  webview_flutter:
    :path: ".symlinks/plugins/webview_flutter/ios"

SPEC CHECKSUMS:
  AppAuth: 31bcec809a638d7bd2f86ea8a52bd45f6e81e7c7
  Braintree: d9314d1a97acda74b77e40be5db6aa3e655c6539
  BraintreeDropIn: 3e666d341e34efb0b5e18221eacd76db469bdab8
  connectivity_plus: 5f0eb61093bec56935f21a1699dd2758bc895587
  device_info: d7d233b645a32c40dfdc212de5cf646ca482f175
  DKImagePickerController: b5eb7f7a388e4643264105d648d01f727110fc3d
  DKPhotoGallery: fdfad5125a9fdda9cc57df834d49df790dbb4179
  FBAEMKit: 5de0a7aaa854eec69bb5be20795952a63d38a5f6
  FBSDKCoreKit: bf655f808b040ed66a72b9922911b39d703e64f4
  FBSDKCoreKit_Basics: 73ebe3a27eb688ac5b5aa7e99f68992993042115
  FBSDKLoginKit: 2e76831ef08d356b8f9150ea51cce865074ea304
  file_picker: 3e6c3790de664ccf9b882732d9db5eaf6b8d4eb1
  Firebase: 13d8d96499e2635428d5bf0ec675df21f95d9a95
  firebase_analytics: 1f1ca6540e91e13dcc9eecbdf5e2d2ca83f37cfb
  firebase_core: f770e033e790657b3505f04be4cb24c482912f11
  firebase_dynamic_links: bdd003d97397e1de1ec0637772feedcaf88c67f5
  firebase_messaging: 089f98d797e1c1c522be8f02b5919cf1b509dfb6
  firebase_remote_config: 35ba8a6727a0b9f3b3280172a32ba63608916e35
  FirebaseABTesting: 9de50b34bf9eb4a07d4edb7af82c14152fd905aa
  FirebaseAnalytics: 4ab446ce08a3fe52e8a4303dd997cf26276bf968
  FirebaseCore: 599ee609343eaf4941bd188f85e3aa077ffe325b
  FirebaseCoreDiagnostics: 5daa63f1c1409d981a2d5007daa100b36eac6a34
  FirebaseDynamicLinks: 50980cbe21d2bbe8374afcdccd94dc2db20dffca
  FirebaseInstallations: caa7c8e0d3e2345b8829d2fa9ca1b4dfbf2fcc85
  FirebaseMessaging: 82c4a48638f53f7b184f3cc9f6cd2cbe533ab316
  FirebaseRemoteConfig: a75c1bd44ebd3ed4ad3fa1ff09414a8b133be405
  Flutter: 50d75fe2f02b26cc09d224853bb45737f8b3214a
  flutter_braintree: fe1bf2f5e99010e293af6986bc55876362bb28dd
  flutter_inappwebview: bfd58618f49dc62f2676de690fc6dcda1d6c3721
  flutter_local_notifications: 0c0b1ae97e741e1521e4c1629a459d04b9aec743
  flutter_login_facebook: b8f57fd9ad2f7cd3c3646d893f7a66c875a285dd
  fluttertoast: 6122fa75143e992b1d3470f61000f591a798cc58
  geolocator: f5e3de65e241caba7ce3e8a618803387bda73384
  google_sign_in: c5cecea71f3be43282263550556e311c4cc03582
  GoogleAppMeasurement: 837649ad3987936c232f6717c5680216f6243d24
  GoogleDataTransport: 629c20a4d363167143f30ea78320d5a7eb8bd940
  GoogleSignIn: 7137d297ddc022a7e0aa4619c86d72c909fa7213
  GoogleUtilities: 684ee790a24f73ebb2d1d966e9711c203f2a4237
  GTMAppAuth: ad5c2b70b9a8689e1a04033c9369c4915bfcbe89
  GTMSessionFetcher: 43748f93435c2aa068b1cbe39655aaf600652e91
  image_picker: 50e7c7ff960e5f58faa4d1f4af84a771c671bc4a
  nanopb: a0ba3315591a9ae0a16a309ee504766e90db0c96
  NEDyldYuv: 6b47adff16186768bf2f8b165697fdee8e94d7ac
  nertc: 9292ed4398b44f2029f11e32f6f76c5e255bad2c
  NERtcSDK: 41dfefb4b35f40a670b1e80cf8ed11606b06e566
  OrderedSet: aaeb196f7fef5a9edf55d89760da9176ad40b93c
  package_info: 873975fc26034f0b863a300ad47e7f1ac6c7ec62
  path_provider: abfe2b5c733d04e238b0d8691db0cfd63a27a93c
  permission_handler: ccb20a9fad0ee9b1314a52b70b76b473c5f8dab0
  PromisesObjC: 68159ce6952d93e17b2dfe273b8c40907db5ba58
  Reachability: 33e18b67625424e47b6cde6d202dce689ad7af96
  SDWebImage: 4dc3e42d9ec0c1028b960a33ac6b637bb432207b
  share: 0b2c3e82132f5888bccca3351c504d0003b3b410
  shared_preferences: af6bfa751691cdc24be3045c43ec037377ada40d
  sign_in_with_apple: f3bf75217ea4c2c8b91823f225d70230119b8440
  sms_autofill: c461043483362c3f1709ee76eaae6eb570b31686
  Stripe: 57c6997c64042a3f5aedae9b76e331942f8b75d2
  stripe_ios: a47cfc31126ca3f0c47a9c60c0bd4be110d14aea
  StripeCore: a6e50d58119a0c7601773b56f274db2d394dcdac
  SwiftyGif: 5d4af95df24caf1c570dbbcb32a3b8a0763bc6d7
  Toast: 91b396c56ee72a5790816f40d3a94dd357abc196
  url_launcher: 6fef411d543ceb26efce54b05a0a40bfd74cbbef
  video_player: 9cc823b1d9da7e8427ee591e8438bfbcde500e6e
  wakelock: d0fc7c864128eac40eba1617cb5264d9c940b46f
  webview_flutter: 3603125dfd3bcbc9d8d418c3f80aeecf331c068b

PODFILE CHECKSUM: aafe91acc616949ddb318b77800a7f51bffa2a4c

COCOAPODS: 1.11.2
